
Microsoft Visual Studio Solution File, Format Version 12.00
# Visual Studio Version 17
VisualStudioVersion = 17.0.31903.59
MinimumVisualStudioVersion = 10.0.40219.1
Project("{FAE04EC0-301F-11D3-BF4B-00C04F79EFBC}") = "Cart", "Src\Cart.csproj", "{F6DB860C-2F9B-4CC6-8BA1-29F6BDB3B739}"
EndProject
Global
	GlobalSection(SolutionConfigurationPlatforms) = preSolution
		Debug|Any CPU = Debug|Any CPU
		Release|Any CPU = Release|Any CPU
	EndGlobalSection
	GlobalSection(SolutionProperties) = preSolution
		HideSolutionNode = FALSE
	EndGlobalSection
	GlobalSection(ProjectConfigurationPlatforms) = postSolution
		{F6DB860C-2F9B-4CC6-8BA1-29F6BDB3B739}.Debug|Any CPU.ActiveCfg = Debug|Any CPU
		{F6DB860C-2F9B-4CC6-8BA1-29F6BDB3B739}.Debug|Any CPU.Build.0 = Debug|Any CPU
		{F6DB860C-2F9B-4CC6-8BA1-29F6BDB3B739}.Release|Any CPU.ActiveCfg = Release|Any CPU
		{F6DB860C-2F9B-4CC6-8BA1-29F6BDB3B739}.Release|Any CPU.Build.0 = Release|Any CPU
	EndGlobalSection
EndGlobal
